
Microsoft Visual Studio Solution File, Format Version 12.00
# Visual Studio Version 17
VisualStudioVersion = 17.0.31903.59
MinimumVisualStudioVersion = 10.0.40219.1
Project("{FAE04EC0-301F-11D3-BF4B-00C04F79EFBC}") = "Domain", "Domain\Domain.csproj", "{026FEFEB-0C1A-4F0F-8853-8E44DE3DD89D}"
EndProject
Project("{FAE04EC0-301F-11D3-BF4B-00C04F79EFBC}") = "Infrastructure", "Infrastructure\Infrastructure.csproj", "{BBA26CDB-1D46-40FE-B611-3C5CFAA209F5}"
EndProject
Project("{FAE04EC0-301F-11D3-BF4B-00C04F79EFBC}") = "WebApi", "WebApi\WebApi.csproj", "{72ED4996-E297-4794-80EA-843A81C1ABDE}"
EndProject
Global
	GlobalSection(SolutionConfigurationPlatforms) = preSolution
		Debug|Any CPU = Debug|Any CPU
		Release|Any CPU = Release|Any CPU
	EndGlobalSection
	GlobalSection(SolutionProperties) = preSolution
		HideSolutionNode = FALSE
	EndGlobalSection
	GlobalSection(ProjectConfigurationPlatforms) = postSolution
		{026FEFEB-0C1A-4F0F-8853-8E44DE3DD89D}.Debug|Any CPU.ActiveCfg = Debug|Any CPU
		{026FEFEB-0C1A-4F0F-8853-8E44DE3DD89D}.Debug|Any CPU.Build.0 = Debug|Any CPU
		{026FEFEB-0C1A-4F0F-8853-8E44DE3DD89D}.Release|Any CPU.ActiveCfg = Release|Any CPU
		{026FEFEB-0C1A-4F0F-8853-8E44DE3DD89D}.Release|Any CPU.Build.0 = Release|Any CPU
		{BBA26CDB-1D46-40FE-B611-3C5CFAA209F5}.Debug|Any CPU.ActiveCfg = Debug|Any CPU
		{BBA26CDB-1D46-40FE-B611-3C5CFAA209F5}.Debug|Any CPU.Build.0 = Debug|Any CPU
		{BBA26CDB-1D46-40FE-B611-3C5CFAA209F5}.Release|Any CPU.ActiveCfg = Release|Any CPU
		{BBA26CDB-1D46-40FE-B611-3C5CFAA209F5}.Release|Any CPU.Build.0 = Release|Any CPU
		{72ED4996-E297-4794-80EA-843A81C1ABDE}.Debug|Any CPU.ActiveCfg = Debug|Any CPU
		{72ED4996-E297-4794-80EA-843A81C1ABDE}.Debug|Any CPU.Build.0 = Debug|Any CPU
		{72ED4996-E297-4794-80EA-843A81C1ABDE}.Release|Any CPU.ActiveCfg = Release|Any CPU
		{72ED4996-E297-4794-80EA-843A81C1ABDE}.Release|Any CPU.Build.0 = Release|Any CPU
	EndGlobalSection
EndGlobal
